
Microsoft Visual Studio Solution File, Format Version 12.00
# Visual Studio 15
VisualStudioVersion = 15.0.28307.168
MinimumVisualStudioVersion = 10.0.40219.1
Project("{FAE04EC0-301F-11D3-BF4B-00C04F79EFBC}") = "IdentityAspNet", "IdentityAspNet\IdentityAspNet.csproj", "{8A631584-1A55-469B-A1F6-ADD5DB25B0DB}"
EndProject
Global
	GlobalSection(SolutionConfigurationPlatforms) = preSolution
		Debug|Any CPU = Debug|Any CPU
		Release|Any CPU = Release|Any CPU
	EndGlobalSection
	GlobalSection(ProjectConfigurationPlatforms) = postSolution
		{8A631584-1A55-469B-A1F6-ADD5DB25B0DB}.Debug|Any CPU.ActiveCfg = Debug|Any CPU
		{8A631584-1A55-469B-A1F6-ADD5DB25B0DB}.Debug|Any CPU.Build.0 = Debug|Any CPU
		{8A631584-1A55-469B-A1F6-ADD5DB25B0DB}.Release|Any CPU.ActiveCfg = Release|Any CPU
		{8A631584-1A55-469B-A1F6-ADD5DB25B0DB}.Release|Any CPU.Build.0 = Release|Any CPU
	EndGlobalSection
	GlobalSection(SolutionProperties) = preSolution
		HideSolutionNode = FALSE
	EndGlobalSection
	GlobalSection(ExtensibilityGlobals) = postSolution
		SolutionGuid = {3E409117-CE44-4463-8644-F2352CF200AB}
	EndGlobalSection
EndGlobal
